
Microsoft Visual Studio Solution File, Format Version 12.00
# Visual Studio Version 17
VisualStudioVersion = 17.0.31903.59
MinimumVisualStudioVersion = 10.0.40219.1
Project("{2150E333-8FDC-42A3-9474-1A3956D46DE8}") = "src", "src", "{827E0CD3-B72D-47B6-A68D-7590B98EB39B}"
EndProject
Project("{FAE04EC0-301F-11D3-BF4B-00C04F79EFBC}") = "WinFormsERP.UI", "src\WinFormsERP.UI\WinFormsERP.UI.csproj", "{3D5AA122-BE8D-48B4-B702-722A47A11E95}"
EndProject
Project("{FAE04EC0-301F-11D3-BF4B-00C04F79EFBC}") = "WinFormsERP.Core", "src\WinFormsERP.Core\WinFormsERP.Core.csproj", "{4FEBA8C6-F21B-4A1A-8AF5-99645DBE11BE}"
EndProject
Project("{FAE04EC0-301F-11D3-BF4B-00C04F79EFBC}") = "WinFormsERP.Data", "src\WinFormsERP.Data\WinFormsERP.Data.csproj", "{C2AD1E44-BF41-4525-9144-14FC2B11B879}"
EndProject
Project("{FAE04EC0-301F-11D3-BF4B-00C04F79EFBC}") = "WinFormsERP.Services", "src\WinFormsERP.Services\WinFormsERP.Services.csproj", "{38441EBE-39C4-4B52-907C-1FFAEB2C0D5A}"
EndProject
Project("{2150E333-8FDC-42A3-9474-1A3956D46DE8}") = "tests", "tests", "{0AB3BF05-4346-4AA6-1389-037BE0695223}"
EndProject
Project("{FAE04EC0-301F-11D3-BF4B-00C04F79EFBC}") = "WinFormsERP.Tests", "tests\WinFormsERP.Tests\WinFormsERP.Tests.csproj", "{6DA43E6C-13C0-445D-8CFC-01D434656B45}"
EndProject
Global
	GlobalSection(SolutionConfigurationPlatforms) = preSolution
		Debug|Any CPU = Debug|Any CPU
		Debug|x64 = Debug|x64
		Debug|x86 = Debug|x86
		Release|Any CPU = Release|Any CPU
		Release|x64 = Release|x64
		Release|x86 = Release|x86
	EndGlobalSection
	GlobalSection(ProjectConfigurationPlatforms) = postSolution
		{3D5AA122-BE8D-48B4-B702-722A47A11E95}.Debug|Any CPU.ActiveCfg = Debug|Any CPU
		{3D5AA122-BE8D-48B4-B702-722A47A11E95}.Debug|Any CPU.Build.0 = Debug|Any CPU
		{3D5AA122-BE8D-48B4-B702-722A47A11E95}.Debug|x64.ActiveCfg = Debug|Any CPU
		{3D5AA122-BE8D-48B4-B702-722A47A11E95}.Debug|x64.Build.0 = Debug|Any CPU
		{3D5AA122-BE8D-48B4-B702-722A47A11E95}.Debug|x86.ActiveCfg = Debug|Any CPU
		{3D5AA122-BE8D-48B4-B702-722A47A11E95}.Debug|x86.Build.0 = Debug|Any CPU
		{3D5AA122-BE8D-48B4-B702-722A47A11E95}.Release|Any CPU.ActiveCfg = Release|Any CPU
		{3D5AA122-BE8D-48B4-B702-722A47A11E95}.Release|Any CPU.Build.0 = Release|Any CPU
		{3D5AA122-BE8D-48B4-B702-722A47A11E95}.Release|x64.ActiveCfg = Release|Any CPU
		{3D5AA122-BE8D-48B4-B702-722A47A11E95}.Release|x64.Build.0 = Release|Any CPU
		{3D5AA122-BE8D-48B4-B702-722A47A11E95}.Release|x86.ActiveCfg = Release|Any CPU
		{3D5AA122-BE8D-48B4-B702-722A47A11E95}.Release|x86.Build.0 = Release|Any CPU
		{4FEBA8C6-F21B-4A1A-8AF5-99645DBE11BE}.Debug|Any CPU.ActiveCfg = Debug|Any CPU
		{4FEBA8C6-F21B-4A1A-8AF5-99645DBE11BE}.Debug|Any CPU.Build.0 = Debug|Any CPU
		{4FEBA8C6-F21B-4A1A-8AF5-99645DBE11BE}.Debug|x64.ActiveCfg = Debug|Any CPU
		{4FEBA8C6-F21B-4A1A-8AF5-99645DBE11BE}.Debug|x64.Build.0 = Debug|Any CPU
		{4FEBA8C6-F21B-4A1A-8AF5-99645DBE11BE}.Debug|x86.ActiveCfg = Debug|Any CPU
		{4FEBA8C6-F21B-4A1A-8AF5-99645DBE11BE}.Debug|x86.Build.0 = Debug|Any CPU
		{4FEBA8C6-F21B-4A1A-8AF5-99645DBE11BE}.Release|Any CPU.ActiveCfg = Release|Any CPU
		{4FEBA8C6-F21B-4A1A-8AF5-99645DBE11BE}.Release|Any CPU.Build.0 = Release|Any CPU
		{4FEBA8C6-F21B-4A1A-8AF5-99645DBE11BE}.Release|x64.ActiveCfg = Release|Any CPU
		{4FEBA8C6-F21B-4A1A-8AF5-99645DBE11BE}.Release|x64.Build.0 = Release|Any CPU
		{4FEBA8C6-F21B-4A1A-8AF5-99645DBE11BE}.Release|x86.ActiveCfg = Release|Any CPU
		{4FEBA8C6-F21B-4A1A-8AF5-99645DBE11BE}.Release|x86.Build.0 = Release|Any CPU
		{C2AD1E44-BF41-4525-9144-14FC2B11B879}.Debug|Any CPU.ActiveCfg = Debug|Any CPU
		{C2AD1E44-BF41-4525-9144-14FC2B11B879}.Debug|Any CPU.Build.0 = Debug|Any CPU
		{C2AD1E44-BF41-4525-9144-14FC2B11B879}.Debug|x64.ActiveCfg = Debug|Any CPU
		{C2AD1E44-BF41-4525-9144-14FC2B11B879}.Debug|x64.Build.0 = Debug|Any CPU
		{C2AD1E44-BF41-4525-9144-14FC2B11B879}.Debug|x86.ActiveCfg = Debug|Any CPU
		{C2AD1E44-BF41-4525-9144-14FC2B11B879}.Debug|x86.Build.0 = Debug|Any CPU
		{C2AD1E44-BF41-4525-9144-14FC2B11B879}.Release|Any CPU.ActiveCfg = Release|Any CPU
		{C2AD1E44-BF41-4525-9144-14FC2B11B879}.Release|Any CPU.Build.0 = Release|Any CPU
		{C2AD1E44-BF41-4525-9144-14FC2B11B879}.Release|x64.ActiveCfg = Release|Any CPU
		{C2AD1E44-BF41-4525-9144-14FC2B11B879}.Release|x64.Build.0 = Release|Any CPU
		{C2AD1E44-BF41-4525-9144-14FC2B11B879}.Release|x86.ActiveCfg = Release|Any CPU
		{C2AD1E44-BF41-4525-9144-14FC2B11B879}.Release|x86.Build.0 = Release|Any CPU
		{38441EBE-39C4-4B52-907C-1FFAEB2C0D5A}.Debug|Any CPU.ActiveCfg = Debug|Any CPU
		{38441EBE-39C4-4B52-907C-1FFAEB2C0D5A}.Debug|Any CPU.Build.0 = Debug|Any CPU
		{38441EBE-39C4-4B52-907C-1FFAEB2C0D5A}.Debug|x64.ActiveCfg = Debug|Any CPU
		{38441EBE-39C4-4B52-907C-1FFAEB2C0D5A}.Debug|x64.Build.0 = Debug|Any CPU
		{38441EBE-39C4-4B52-907C-1FFAEB2C0D5A}.Debug|x86.ActiveCfg = Debug|Any CPU
		{38441EBE-39C4-4B52-907C-1FFAEB2C0D5A}.Debug|x86.Build.0 = Debug|Any CPU
		{38441EBE-39C4-4B52-907C-1FFAEB2C0D5A}.Release|Any CPU.ActiveCfg = Release|Any CPU
		{38441EBE-39C4-4B52-907C-1FFAEB2C0D5A}.Release|Any CPU.Build.0 = Release|Any CPU
		{38441EBE-39C4-4B52-907C-1FFAEB2C0D5A}.Release|x64.ActiveCfg = Release|Any CPU
		{38441EBE-39C4-4B52-907C-1FFAEB2C0D5A}.Release|x64.Build.0 = Release|Any CPU
		{38441EBE-39C4-4B52-907C-1FFAEB2C0D5A}.Release|x86.ActiveCfg = Release|Any CPU
		{38441EBE-39C4-4B52-907C-1FFAEB2C0D5A}.Release|x86.Build.0 = Release|Any CPU
		{6DA43E6C-13C0-445D-8CFC-01D434656B45}.Debug|Any CPU.ActiveCfg = Debug|Any CPU
		{6DA43E6C-13C0-445D-8CFC-01D434656B45}.Debug|Any CPU.Build.0 = Debug|Any CPU
		{6DA43E6C-13C0-445D-8CFC-01D434656B45}.Debug|x64.ActiveCfg = Debug|Any CPU
		{6DA43E6C-13C0-445D-8CFC-01D434656B45}.Debug|x64.Build.0 = Debug|Any CPU
		{6DA43E6C-13C0-445D-8CFC-01D434656B45}.Debug|x86.ActiveCfg = Debug|Any CPU
		{6DA43E6C-13C0-445D-8CFC-01D434656B45}.Debug|x86.Build.0 = Debug|Any CPU
		{6DA43E6C-13C0-445D-8CFC-01D434656B45}.Release|Any CPU.ActiveCfg = Release|Any CPU
		{6DA43E6C-13C0-445D-8CFC-01D434656B45}.Release|Any CPU.Build.0 = Release|Any CPU
		{6DA43E6C-13C0-445D-8CFC-01D434656B45}.Release|x64.ActiveCfg = Release|Any CPU
		{6DA43E6C-13C0-445D-8CFC-01D434656B45}.Release|x64.Build.0 = Release|Any CPU
		{6DA43E6C-13C0-445D-8CFC-01D434656B45}.Release|x86.ActiveCfg = Release|Any CPU
		{6DA43E6C-13C0-445D-8CFC-01D434656B45}.Release|x86.Build.0 = Release|Any CPU
	EndGlobalSection
	GlobalSection(SolutionProperties) = preSolution
		HideSolutionNode = FALSE
	EndGlobalSection
	GlobalSection(NestedProjects) = preSolution
		{3D5AA122-BE8D-48B4-B702-722A47A11E95} = {827E0CD3-B72D-47B6-A68D-7590B98EB39B}
		{4FEBA8C6-F21B-4A1A-8AF5-99645DBE11BE} = {827E0CD3-B72D-47B6-A68D-7590B98EB39B}
		{C2AD1E44-BF41-4525-9144-14FC2B11B879} = {827E0CD3-B72D-47B6-A68D-7590B98EB39B}
		{38441EBE-39C4-4B52-907C-1FFAEB2C0D5A} = {827E0CD3-B72D-47B6-A68D-7590B98EB39B}
		{6DA43E6C-13C0-445D-8CFC-01D434656B45} = {0AB3BF05-4346-4AA6-1389-037BE0695223}
	EndGlobalSection
EndGlobal
